
Microsoft Visual Studio Solution File, Format Version 12.00
# Visual Studio Version 17
VisualStudioVersion = 17.2.32616.157
MinimumVisualStudioVersion = 10.0.40219.1
Project("{FAE04EC0-301F-11D3-BF4B-00C04F79EFBC}") = "CursoGitHub.InterfaceConsole", "CursoGitHub.InterfaceConsole\CursoGitHub.InterfaceConsole.csproj", "{A14BE25C-BFA9-4254-94A5-FEA0D36FBACF}"
EndProject
Global
	GlobalSection(SolutionConfigurationPlatforms) = preSolution
		Debug|Any CPU = Debug|Any CPU
		Release|Any CPU = Release|Any CPU
	EndGlobalSection
	GlobalSection(ProjectConfigurationPlatforms) = postSolution
		{A14BE25C-BFA9-4254-94A5-FEA0D36FBACF}.Debug|Any CPU.ActiveCfg = Debug|Any CPU
		{A14BE25C-BFA9-4254-94A5-FEA0D36FBACF}.Debug|Any CPU.Build.0 = Debug|Any CPU
		{A14BE25C-BFA9-4254-94A5-FEA0D36FBACF}.Release|Any CPU.ActiveCfg = Release|Any CPU
		{A14BE25C-BFA9-4254-94A5-FEA0D36FBACF}.Release|Any CPU.Build.0 = Release|Any CPU
	EndGlobalSection
	GlobalSection(SolutionProperties) = preSolution
		HideSolutionNode = FALSE
	EndGlobalSection
	GlobalSection(ExtensibilityGlobals) = postSolution
		SolutionGuid = {B4E668A5-7D40-4C8F-850D-FB430A5E5547}
	EndGlobalSection
EndGlobal
